{
  "name": "quiz_app",
  "lockfileVersion": 3,
  "requires": true,
  "packages": {
    "": {
      "dependencies": {
        "@rails/actioncable": "^7.2.200"
      }
    },
    "node_modules/@rails/actioncable": {
      "version": "7.2.200",
      "resolved": "https://registry.npmjs.org/@rails/actioncable/-/actioncable-7.2.200.tgz",
      "integrity": "sha512-gVmi3MabEa+Bkatvw0/k1Y3WTidcIf3qNbb9L8qc+AmT2UmkVqUZhJpSLvKmH10twCYIGzn7yySW/lOpg81Duw==",
      "license": "MIT"
    }
  }
}
